
Microsoft Visual Studio Solution File, Format Version 12.00
# Visual Studio Version 16
VisualStudioVersion = 16.0.32228.343
MinimumVisualStudioVersion = 10.0.40219.1
Project("{FAE04EC0-301F-11D3-BF4B-00C04F79EFBC}") = "EmbedStringInImage", "EmbedStringInImage\EmbedStringInImage.csproj", "{9A1E9DC8-4D55-48B6-8D75-6E1CF5937A0D}"
EndProject
Global
	GlobalSection(SolutionConfigurationPlatforms) = preSolution
		Debug|Any CPU = Debug|Any CPU
		Release|Any CPU = Release|Any CPU
	EndGlobalSection
	GlobalSection(ProjectConfigurationPlatforms) = postSolution
		{9A1E9DC8-4D55-48B6-8D75-6E1CF5937A0D}.Debug|Any CPU.ActiveCfg = Debug|Any CPU
		{9A1E9DC8-4D55-48B6-8D75-6E1CF5937A0D}.Debug|Any CPU.Build.0 = Debug|Any CPU
		{9A1E9DC8-4D55-48B6-8D75-6E1CF5937A0D}.Release|Any CPU.ActiveCfg = Release|Any CPU
		{9A1E9DC8-4D55-48B6-8D75-6E1CF5937A0D}.Release|Any CPU.Build.0 = Release|Any CPU
	EndGlobalSection
	GlobalSection(SolutionProperties) = preSolution
		HideSolutionNode = FALSE
	EndGlobalSection
	GlobalSection(ExtensibilityGlobals) = postSolution
		SolutionGuid = {C3FA00E7-2870-4D0B-A987-F66BBF9C1643}
	EndGlobalSection
EndGlobal
