
Microsoft Visual Studio Solution File, Format Version 12.00
# Visual Studio Version 16
VisualStudioVersion = 16.0.31729.503
MinimumVisualStudioVersion = 10.0.40219.1
Project("{FAE04EC0-301F-11D3-BF4B-00C04F79EFBC}") = "StationProblem", "StationProblem\StationProblem.csproj", "{382DECE8-D795-4501-AF4D-E8EBB6EBBA7C}"
EndProject
Global
	GlobalSection(SolutionConfigurationPlatforms) = preSolution
		Debug|Any CPU = Debug|Any CPU
		Release|Any CPU = Release|Any CPU
	EndGlobalSection
	GlobalSection(ProjectConfigurationPlatforms) = postSolution
		{382DECE8-D795-4501-AF4D-E8EBB6EBBA7C}.Debug|Any CPU.ActiveCfg = Debug|Any CPU
		{382DECE8-D795-4501-AF4D-E8EBB6EBBA7C}.Debug|Any CPU.Build.0 = Debug|Any CPU
		{382DECE8-D795-4501-AF4D-E8EBB6EBBA7C}.Release|Any CPU.ActiveCfg = Release|Any CPU
		{382DECE8-D795-4501-AF4D-E8EBB6EBBA7C}.Release|Any CPU.Build.0 = Release|Any CPU
	EndGlobalSection
	GlobalSection(SolutionProperties) = preSolution
		HideSolutionNode = FALSE
	EndGlobalSection
	GlobalSection(ExtensibilityGlobals) = postSolution
		SolutionGuid = {7372B586-83B4-4CC7-AC1B-1D698818EA89}
	EndGlobalSection
EndGlobal
