
Microsoft Visual Studio Solution File, Format Version 12.00
# Visual Studio Version 16
VisualStudioVersion = 16.0.31729.503
MinimumVisualStudioVersion = 10.0.40219.1
Project("{FAE04EC0-301F-11D3-BF4B-00C04F79EFBC}") = "Sorted Algorithms", "Sorted Algorithms\Sorted Algorithms.csproj", "{273D8A1A-49C8-46B5-9DF6-D4DA1516E49D}"
EndProject
Global
	GlobalSection(SolutionConfigurationPlatforms) = preSolution
		Debug|Any CPU = Debug|Any CPU
		Release|Any CPU = Release|Any CPU
	EndGlobalSection
	GlobalSection(ProjectConfigurationPlatforms) = postSolution
		{273D8A1A-49C8-46B5-9DF6-D4DA1516E49D}.Debug|Any CPU.ActiveCfg = Debug|Any CPU
		{273D8A1A-49C8-46B5-9DF6-D4DA1516E49D}.Debug|Any CPU.Build.0 = Debug|Any CPU
		{273D8A1A-49C8-46B5-9DF6-D4DA1516E49D}.Release|Any CPU.ActiveCfg = Release|Any CPU
		{273D8A1A-49C8-46B5-9DF6-D4DA1516E49D}.Release|Any CPU.Build.0 = Release|Any CPU
	EndGlobalSection
	GlobalSection(SolutionProperties) = preSolution
		HideSolutionNode = FALSE
	EndGlobalSection
	GlobalSection(ExtensibilityGlobals) = postSolution
		SolutionGuid = {CE0D4C6B-6705-4AED-9020-F341F895A661}
	EndGlobalSection
EndGlobal
